
Microsoft Visual Studio Solution File, Format Version 12.00
# Visual Studio 15
Project("{FAE04EC0-301F-11D3-BF4B-00C04F79EFBC}") = "04_parallel_transport", "Assembly-CSharp.csproj", "{6E8105F6-4A63-3C61-60B7-AA385B4D6F75}"
EndProject
Global
	GlobalSection(SolutionConfigurationPlatforms) = preSolution
		Debug|Any CPU = Debug|Any CPU
		Release|Any CPU = Release|Any CPU
	EndGlobalSection
	GlobalSection(ProjectConfigurationPlatforms) = postSolution
		{6E8105F6-4A63-3C61-60B7-AA385B4D6F75}.Debug|Any CPU.ActiveCfg = Debug|Any CPU
		{6E8105F6-4A63-3C61-60B7-AA385B4D6F75}.Debug|Any CPU.Build.0 = Debug|Any CPU
		{6E8105F6-4A63-3C61-60B7-AA385B4D6F75}.Release|Any CPU.ActiveCfg = Release|Any CPU
		{6E8105F6-4A63-3C61-60B7-AA385B4D6F75}.Release|Any CPU.Build.0 = Release|Any CPU
	EndGlobalSection
	GlobalSection(SolutionProperties) = preSolution
		HideSolutionNode = FALSE
	EndGlobalSection
EndGlobal
